{
    "_meta": {
        "hash": {
            "sha256": "6481ce8fc85715bcf0a92c5dbb89fa4f73dcf7bb2e69dabe5666ad1e6f7d91e7"
        },
        "pipfile-spec": 6,
        "requires": {
            "python_version": "3.11"
        },
        "sources": [
            {
                "name": "pypi",
                "url": "https://pypi.org/simple",
                "verify_ssl": true
            }
        ]
    },
    "default": {
        "mapbox-vector-tile": {
            "hashes": [
                "sha256:17df141d545e0e30ef21f6b3881fba9e0c6537a23c797be9505ddf37c76ca027",
                "sha256:3cd29aa726a645ce326a32c5a2e28159f58f0aac8fb4f477e596724b81043ec8"
            ],
            "index": "pypi",
            "version": "==2.0.1"
        },
        "numpy": {
            "hashes": [
                "sha256:0ec87a7084caa559c36e0a2309e4ecb1baa03b687201d0a847c8b0ed476a7187",
                "sha256:1a7d6acc2e7524c9955e5c903160aa4ea083736fde7e91276b0e5d98e6332812",
                "sha256:202de8f38fc4a45a3eea4b63e2f376e5f2dc64ef0fa692838e31a808520efaf7",
                "sha256:210461d87fb02a84ef243cac5e814aad2b7f4be953b32cb53327bb49fd77fbb4",
                "sha256:2d926b52ba1367f9acb76b0df6ed21f0b16a1ad87c6720a1121674e5cf63e2b6",
                "sha256:352ee00c7f8387b44d19f4cada524586f07379c0d49270f87233983bc5087ca0",
                "sha256:35400e6a8d102fd07c71ed7dcadd9eb62ee9a6e84ec159bd48c28235bbb0f8e4",
                "sha256:3c1104d3c036fb81ab923f507536daedc718d0ad5a8707c6061cdfd6d184e570",
                "sha256:4719d5aefb5189f50887773699eaf94e7d1e02bf36c1a9d353d9f46703758ca4",
                "sha256:4749e053a29364d3452c034827102ee100986903263e89884922ef01a0a6fd2f",
                "sha256:5342cf6aad47943286afa6f1609cad9b4266a05e7f2ec408e2cf7aea7ff69d80",
                "sha256:56e48aec79ae238f6e4395886b5eaed058abb7231fb3361ddd7bfdf4eed54289",
                "sha256:76e3f4e85fc5d4fd311f6e9b794d0c00e7002ec122be271f2019d63376f1d385",
                "sha256:7776ea65423ca6a15255ba1872d82d207bd1e09f6d0894ee4a64678dd2204078",
                "sha256:784c6da1a07818491b0ffd63c6bbe5a33deaa0e25a20e1b3ea20cf0e43f8046c",
                "sha256:8535303847b89aa6b0f00aa1dc62867b5a32923e4d1681a35b5eef2d9591a463",
                "sha256:9a7721ec204d3a237225db3e194c25268faf92e19338a35f3a224469cb6039a3",
                "sha256:a1d3c026f57ceaad42f8231305d4653d5f05dc6332a730ae5c0bea3513de0950",
                "sha256:ab344f1bf21f140adab8e47fdbc7c35a477dc01408791f8ba00d018dd0bc5155",
                "sha256:ab5f23af8c16022663a652d3b25dcdc272ac3f83c3af4c02eb8b824e6b3ab9d7",
                "sha256:ae8d0be48d1b6ed82588934aaaa179875e7dc4f3d84da18d7eae6eb3f06c242c",
                "sha256:c91c4afd8abc3908e00a44b2672718905b8611503f7ff87390cc0ac3423fb096",
                "sha256:d5036197ecae68d7f491fcdb4df90082b0d4960ca6599ba2659957aafced7c17",
                "sha256:d6cc757de514c00b24ae8cf5c876af2a7c3df189028d68c0cb4eaa9cd5afc2bf",
                "sha256:d933fabd8f6a319e8530d0de4fcc2e6a61917e0b0c271fded460032db42a0fe4",
                "sha256:ea8282b9bcfe2b5e7d491d0bf7f3e2da29700cec05b49e64d6246923329f2b02",
                "sha256:ecde0f8adef7dfdec993fd54b0f78183051b6580f606111a6d789cd14c61ea0c",
                "sha256:f21c442fdd2805e91799fbe044a7b999b8571bb0ab0f7850d0cb9641a687092b"
            ],
            "markers": "python_version >= '3.8'",
            "version": "==1.24.3"
        },
        "protobuf": {
            "hashes": [
                "sha256:09310bce43353b46d73ba7e3bca78273b9bc50349509b9698e64d288c6372c2a",
                "sha256:20874e7ca4436f683b64ebdbee2129a5a2c301579a67d1a7dda2cdf62fb7f5f7",
                "sha256:25e3370eda26469b58b602e29dff069cfaae8eaa0ef4550039cc5ef8dc004511",
                "sha256:281342ea5eb631c86697e1e048cb7e73b8a4e85f3299a128c116f05f5c668f8f",
                "sha256:384dd44cb4c43f2ccddd3645389a23ae61aeb8cfa15ca3a0f60e7c3ea09b28b3",
                "sha256:54a533b971288af3b9926e53850c7eb186886c0c84e61daa8444385a4720297f",
                "sha256:6c081863c379bb1741be8f8193e893511312b1d7329b4a75445d1ea9955be69e",
                "sha256:86df87016d290143c7ce3be3ad52d055714ebaebb57cc659c387e76cfacd81aa",
                "sha256:8da6070310d634c99c0db7df48f10da495cc283fd9e9234877f0cd182d43ab7f",
                "sha256:b2cfab63a230b39ae603834718db74ac11e52bccaaf19bf20f5cce1a84cf76df",
                "sha256:c52cfcbfba8eb791255edd675c1fe6056f723bf832fa67f0442218f8817c076e",
                "sha256:ce744938406de1e64b91410f473736e815f28c3b71201302612a68bf01517fea",
                "sha256:efabbbbac1ab519a514579ba9ec52f006c28ae19d97915951f69fa70da2c9e91"
            ],
            "markers": "python_version >= '3.7'",
            "version": "==4.23.2"
        },
        "pyclipper": {
            "hashes": [
                "sha256:0281af05a9e5fd835bffc3ce5a0f37c1b01e568ba3b890b6a0edb139f99b261c",
                "sha256:0701cd87111ee9532f57710410a4c70e90dda845c9514e789c67672b39d22666",
                "sha256:0bb994b4d010a893aeb18bf2fc5fb05f8560c7c79ce96ff33bab40d574e8b19c",
                "sha256:0da02c4746204a5d71f332c31be0e6a9e5f4e900f406981f09cb61ddd171112c",
                "sha256:1bf6fb4cd6a2896ff5c6dd36216a5f1bad31228adc93089ae9ca37e7787f7579",
                "sha256:26bf2c82cbd9494bde1ebce091f7e48ec6b74f1181c991008f632d604d8e22b9",
                "sha256:2bfa2914b6dc8d1bae8879b59bbb032524d3da3dfd9e898745b9fb9e86756b4a",
                "sha256:2ca4a657b5bcd677ae66edd659db5bdbffbb469ea5364c5d05019ef7b666ac6a",
                "sha256:328034724b02abe4e424481ba102b0a42c01b19cbe908f3ab4ba50afdcd562eb",
                "sha256:3dfd7203ced42130b9860e399361277c50ccc8037db7f4dd65c0880f34f1a6b4",
                "sha256:455ebc384f7cade1f0795398ce32e1a9d7354ba507eb7705e104d8436f51bd07",
                "sha256:46a52e5240b8add6c6809f76363eb9b4cf31a7c1c67f377dc303b635c339ca93",
                "sha256:48952f423c3f247aa886865361a25cfeec870fd4836b01d66c6c96ce018e4845",
                "sha256:4e517c805dbed93e5aebd61fa5c9d87be8b536e9d9acb10615a824525e3f0118",
                "sha256:5936fe0cb7bd6c4a4a4dd596961b7de1e6ffd4a3b169b910a4f2b6e675183172",
                "sha256:69446e4bcfdae3aa70ea1cc4a7df45a7502520b2773075b868d063297fde1b5f",
                "sha256:6ccdc04425ef1863349998f3b5abd3bf5ab710ac927b0b13cac758527d0dbddf",
                "sha256:72e2f73ad3bc746dbafd5bb51aa51db4b0ae8b8494421b07fbda0a212e42bf64",
                "sha256:7444f240598f3dacef35beb2eb3428e7c5d311bc392794dc2ee85bd8246f785c",
                "sha256:78f8b557ccd08df0b1e73f5afe1c7e44731bbddc1995ec91e3c2a6ad38494bf9",
                "sha256:85c4f1790788fc963bab9bf85e927c6094c016ba88cd7c31f4f33e2753eb967e",
                "sha256:8734f3985210f4e76835d8bfd4fcadf4e10555c3c52fdbcdc303f1445d17d131",
                "sha256:8a45fd8cac0e12e988ce5055ffa6e8b186d3fbc74cfbeab9c85f28c5939b3563",
                "sha256:a3db170ed63b39edba14bb8d7513d7947e3c997e24999e428eecab219322f153",
                "sha256:a9800a5ae54c5691a6e5e342de3295744bb6dec0e038013d8b1aa9f8cae04ecf",
                "sha256:aef494d78866ee969a5ea2e80a4660eccb91ddb169a66a5faf44dc83785a8acc",
                "sha256:b12fe98060eb66ad3b6562f26af3313a97b95179dce334ddff74eb079cc35ca2",
                "sha256:b43cf984448bbb74a3e2ec21716ca06437350232803d86ad590b0e4d3f45fd35",
                "sha256:b73b19d2a1b895edcacaf4acb441e13e99b9e5fd53b9c0dfd2e1326e2bf68a7a",
                "sha256:b8c770e0c287da9aeb0e312d7065530c038007bcce3200b7d6b9e952acf5b823",
                "sha256:bde378db039e8767a0a970d2215a17cf52c4414db917654b68e37f4bd00ece31",
                "sha256:c368ff1deb63e9eb96dd8eb8cef96217b20846d899debb6301947673cc277e90",
                "sha256:c46c286ade64face309e1d9bf33ffe105370fe7d519e46ab009247cab147ecb2",
                "sha256:d10788bd86d8d0f531685e23802350f213c789b149a5ef3ef997d37f4f21b7dc",
                "sha256:d2796de8d5fb4bc5112085757c726e7bd0221396f1ea0f029e66dc0b7d0ae877",
                "sha256:d965280c2e3b8de897ee84535b0b8cd0fb34de56cc54941600899592e53f4489",
                "sha256:edf19554bd93086a6762f3abb94702d43ea621fb60219a35c95e21bd5d416ff0",
                "sha256:ffd660d89b1aefdcac80674e77cb914a98945dab4e7ed408930a692ff63c3cca"
            ],
            "version": "==1.3.0.post4"
        },
        "shapely": {
            "hashes": [
                "sha256:01224899ff692a62929ef1a3f5fe389043e262698a708ab7569f43a99a48ae82",
                "sha256:05c51a29336e604c084fb43ae5dbbfa2c0ef9bd6fedeae0a0d02c7b57a56ba46",
                "sha256:09d6c7763b1bee0d0a2b84bb32a4c25c6359ad1ac582a62d8b211e89de986154",
                "sha256:193a398d81c97a62fc3634a1a33798a58fd1dcf4aead254d080b273efbb7e3ff",
                "sha256:1a34a23d6266ca162499e4a22b79159dc0052f4973d16f16f990baa4d29e58b6",
                "sha256:2569a4b91caeef54dd5ae9091ae6f63526d8ca0b376b5bb9fd1a3195d047d7d4",
                "sha256:33403b8896e1d98aaa3a52110d828b18985d740cc9f34f198922018b1e0f8afe",
                "sha256:3ad81f292fffbd568ae71828e6c387da7eb5384a79db9b4fde14dd9fdeffca9a",
                "sha256:3cb256ae0c01b17f7bc68ee2ffdd45aebf42af8992484ea55c29a6151abe4386",
                "sha256:45b4833235b90bc87ee26c6537438fa77559d994d2d3be5190dd2e54d31b2820",
                "sha256:4641325e065fd3e07d55677849c9ddfd0cf3ee98f96475126942e746d55b17c8",
                "sha256:502e0a607f1dcc6dee0125aeee886379be5242c854500ea5fd2e7ac076b9ce6d",
                "sha256:66a6b1a3e72ece97fc85536a281476f9b7794de2e646ca8a4517e2e3c1446893",
                "sha256:70a18fc7d6418e5aea76ac55dce33f98e75bd413c6eb39cfed6a1ba36469d7d4",
                "sha256:7d3bbeefd8a6a1a1017265d2d36f8ff2d79d0162d8c141aa0d37a87063525656",
                "sha256:83a8ec0ee0192b6e3feee9f6a499d1377e9c295af74d7f81ecba5a42a6b195b7",
                "sha256:865bc3d7cc0ea63189d11a0b1120d1307ed7a64720a8bfa5be2fde5fc6d0d33f",
                "sha256:90cfa4144ff189a3c3de62e2f3669283c98fb760cfa2e82ff70df40f11cadb39",
                "sha256:91575d97fd67391b85686573d758896ed2fc7476321c9d2e2b0c398b628b961c",
                "sha256:9a6ac34c16f4d5d3c174c76c9d7614ec8fe735f8f82b6cc97a46b54f386a86bf",
                "sha256:a529218e72a3dbdc83676198e610485fdfa31178f4be5b519a8ae12ea688db14",
                "sha256:a70a614791ff65f5e283feed747e1cc3d9e6c6ba91556e640636bbb0a1e32a71",
                "sha256:ac1dfc397475d1de485e76de0c3c91cc9d79bd39012a84bb0f5e8a199fc17bef",
                "sha256:b06d031bc64149e340448fea25eee01360a58936c89985cf584134171e05863f",
                "sha256:b4f0711cc83734c6fad94fc8d4ec30f3d52c1787b17d9dca261dc841d4731c64",
                "sha256:b50c401b64883e61556a90b89948297f1714dbac29243d17ed9284a47e6dd731",
                "sha256:b519cf3726ddb6c67f6a951d1bb1d29691111eaa67ea19ddca4d454fbe35949c",
                "sha256:bca57b683e3d94d0919e2f31e4d70fdfbb7059650ef1b431d9f4e045690edcd5",
                "sha256:c43755d2c46b75a7b74ac6226d2cc9fa2a76c3263c5ae70c195c6fb4e7b08e79",
                "sha256:c7eed1fb3008a8a4a56425334b7eb82651a51f9e9a9c2f72844a2fb394f38a6c",
                "sha256:c8b0d834b11be97d5ab2b4dceada20ae8e07bcccbc0f55d71df6729965f406ad",
                "sha256:ce88ec79df55430e37178a191ad8df45cae90b0f6972d46d867bf6ebbb58cc4d",
                "sha256:d173d24e85e51510e658fb108513d5bc11e3fd2820db6b1bd0522266ddd11f51",
                "sha256:d8f55f355be7821dade839df785a49dc9f16d1af363134d07eb11e9207e0b189",
                "sha256:da71de5bf552d83dcc21b78cc0020e86f8d0feea43e202110973987ffa781c21",
                "sha256:e55698e0ed95a70fe9ff9a23c763acfe0bf335b02df12142f74e4543095e9a9b",
                "sha256:f32a748703e7bf6e92dfa3d2936b2fbfe76f8ce5f756e24f49ef72d17d26ad02",
                "sha256:f470a130d6ddb05b810fc1776d918659407f8d025b7f56d2742a596b6dffa6c7"
            ],
            "markers": "python_version >= '3.7'",
            "version": "==2.0.1"
        }
    },
    "develop": {}
}
